
Microsoft Visual Studio Solution File, Format Version 12.00
# Visual Studio 15
VisualStudioVersion = 15.0.26730.16
MinimumVisualStudioVersion = 10.0.40219.1
Project("{9A19103F-16F7-4668-BE54-9A1E7A4F7556}") = "PayChall.API", "PayChall.API\PayChall.API.csproj", "{17DB3281-5033-4382-89AF-A137E398F75E}"
EndProject
Global
	GlobalSection(SolutionConfigurationPlatforms) = preSolution
		Debug|Any CPU = Debug|Any CPU
		Release|Any CPU = Release|Any CPU
	EndGlobalSection
	GlobalSection(ProjectConfigurationPlatforms) = postSolution
		{17DB3281-5033-4382-89AF-A137E398F75E}.Debug|Any CPU.ActiveCfg = Debug|Any CPU
		{17DB3281-5033-4382-89AF-A137E398F75E}.Debug|Any CPU.Build.0 = Debug|Any CPU
		{17DB3281-5033-4382-89AF-A137E398F75E}.Release|Any CPU.ActiveCfg = Release|Any CPU
		{17DB3281-5033-4382-89AF-A137E398F75E}.Release|Any CPU.Build.0 = Release|Any CPU
	EndGlobalSection
	GlobalSection(SolutionProperties) = preSolution
		HideSolutionNode = FALSE
	EndGlobalSection
	GlobalSection(ExtensibilityGlobals) = postSolution
		SolutionGuid = {2F64198C-CC86-47F0-92A5-4A06BDAC6E22}
	EndGlobalSection
EndGlobal
